// !$*UTF8*$!
{
	archiveVersion = 1;
	classes = {
	};
	objectVersion = 46;
	objects = {

/* Begin PBXBuildFile section */
		3201088596B4756681693705 /* libThree20UICommon.a in Frameworks */ = {isa = PBXBuildFile; fileRef = 3201088596B4756681693704 /* libThree20UICommon.a */; };
		3206A0F794A6D7A3F259DBF5 /* libextThree20JSON+SBJSON.a in Frameworks */ = {isa = PBXBuildFile; fileRef = 3206A0F794A6D7A3F259DBF4 /* libextThree20JSON+SBJSON.a */; };
		320A2827FEC940B25BC42C65 /* libThree20Core.a in Frameworks */ = {isa = PBXBuildFile; fileRef = 320A2827FEC940B25BC42C64 /* libThree20Core.a */; };
		320A5A189C235877202780D5 /* libThree20Network.a in Frameworks */ = {isa = PBXBuildFile; fileRef = 320A5A189C235877202780D4 /* libThree20Network.a */; };
		320A737074758E53BA54BE95 /* libThree20UINavigator.a in Frameworks */ = {isa = PBXBuildFile; fileRef = 320A737074758E53BA54BE94 /* libThree20UINavigator.a */; };
		320AF8492C47A4D819F7C451 /* QuartzCore.framework in Frameworks */ = {isa = PBXBuildFile; fileRef = 320AF8492C47A4D819F7C450 /* QuartzCore.framework */; };
		320B6C86F11D9990244A9731 /* Three20.bundle in Resources */ = {isa = PBXBuildFile; fileRef = 320B6C86F11D9990244A9730 /* Three20.bundle */; };
		320CC833B8AF0ACFD35E6225 /* libThree20Style.a in Frameworks */ = {isa = PBXBuildFile; fileRef = 320CC833B8AF0ACFD35E6224 /* libThree20Style.a */; };
		320D7DCCE32703ACAB9A45E5 /* libThree20.a in Frameworks */ = {isa = PBXBuildFile; fileRef = 320D7DCCE32703ACAB9A45E4 /* libThree20.a */; };
		320F2C48872C2E2C4DF86205 /* libThree20UI.a in Frameworks */ = {isa = PBXBuildFile; fileRef = 320F2C48872C2E2C4DF86204 /* libThree20UI.a */; };
		E90BD1B91436091F00400F76 /* MapKit.framework in Frameworks */ = {isa = PBXBuildFile; fileRef = E90BD1B81436091F00400F76 /* MapKit.framework */; };
		E910FD501429D3FA0034AEBB /* UIKit.framework in Frameworks */ = {isa = PBXBuildFile; fileRef = E910FD4F1429D3FA0034AEBB /* UIKit.framework */; };
		E910FD521429D3FA0034AEBB /* Foundation.framework in Frameworks */ = {isa = PBXBuildFile; fileRef = E910FD511429D3FA0034AEBB /* Foundation.framework */; };
		E910FD541429D3FB0034AEBB /* CoreGraphics.framework in Frameworks */ = {isa = PBXBuildFile; fileRef = E910FD531429D3FB0034AEBB /* CoreGraphics.framework */; };
		E910FD5A1429D3FB0034AEBB /* InfoPlist.strings in Resources */ = {isa = PBXBuildFile; fileRef = E910FD581429D3FB0034AEBB /* InfoPlist.strings */; };
		E910FD5D1429D3FB0034AEBB /* main.m in Sources */ = {isa = PBXBuildFile; fileRef = E910FD5C1429D3FB0034AEBB /* main.m */; };
		E910FD601429D3FB0034AEBB /* iJobsAppDelegate.m in Sources */ = {isa = PBXBuildFile; fileRef = E910FD5F1429D3FB0034AEBB /* iJobsAppDelegate.m */; };
		E910FD631429D3FB0034AEBB /* MainWindow.xib in Resources */ = {isa = PBXBuildFile; fileRef = E910FD611429D3FB0034AEBB /* MainWindow.xib */; };
		E910FD6A1429D3FB0034AEBB /* UIKit.framework in Frameworks */ = {isa = PBXBuildFile; fileRef = E910FD4F1429D3FA0034AEBB /* UIKit.framework */; };
		E910FD6B1429D3FB0034AEBB /* Foundation.framework in Frameworks */ = {isa = PBXBuildFile; fileRef = E910FD511429D3FA0034AEBB /* Foundation.framework */; };
		E910FD6C1429D3FB0034AEBB /* CoreGraphics.framework in Frameworks */ = {isa = PBXBuildFile; fileRef = E910FD531429D3FB0034AEBB /* CoreGraphics.framework */; };
		E910FD741429D3FB0034AEBB /* InfoPlist.strings in Resources */ = {isa = PBXBuildFile; fileRef = E910FD721429D3FB0034AEBB /* InfoPlist.strings */; };
		E910FD771429D3FB0034AEBB /* iJobsTests.h in Resources */ = {isa = PBXBuildFile; fileRef = E910FD761429D3FB0034AEBB /* iJobsTests.h */; };
		E910FD791429D3FB0034AEBB /* iJobsTests.m in Sources */ = {isa = PBXBuildFile; fileRef = E910FD781429D3FB0034AEBB /* iJobsTests.m */; };
		E93E09A91457E19B00FEB617 /* iJobsCoreDataModel.xcdatamodeld in Sources */ = {isa = PBXBuildFile; fileRef = E93E09A71457E19B00FEB617 /* iJobsCoreDataModel.xcdatamodeld */; };
		E93E09AC1457E43700FEB617 /* IJobsWorkListItem.m in Sources */ = {isa = PBXBuildFile; fileRef = E93E09AB1457E43700FEB617 /* IJobsWorkListItem.m */; };
		E93E09AE1457EF4900FEB617 /* CoreData.framework in Frameworks */ = {isa = PBXBuildFile; fileRef = E93E09AD1457EF4900FEB617 /* CoreData.framework */; };
		E9B6D8821429E17D00E36419 /* iJobsSummaryTableViewController.m in Sources */ = {isa = PBXBuildFile; fileRef = E9B6D8811429E17D00E36419 /* iJobsSummaryTableViewController.m */; };
		E9B6D9031429E60D00E36419 /* iJobsWorkListTableViewController.m in Sources */ = {isa = PBXBuildFile; fileRef = E9B6D9021429E60D00E36419 /* iJobsWorkListTableViewController.m */; };
		E9B6D9061429E68900E36419 /* iJobsWorkListModel.m in Sources */ = {isa = PBXBuildFile; fileRef = E9B6D9051429E68900E36419 /* iJobsWorkListModel.m */; };
		E9B6D9091429E6A400E36419 /* iJobsWorkListDataSource.m in Sources */ = {isa = PBXBuildFile; fileRef = E9B6D9081429E6A400E36419 /* iJobsWorkListDataSource.m */; };
		E9B6D90F142B00BC00E36419 /* iJobsWorkDetailTableViewController.m in Sources */ = {isa = PBXBuildFile; fileRef = E9B6D90E142B00BC00E36419 /* iJobsWorkDetailTableViewController.m */; };
		E9B6D912142B0A3700E36419 /* iJobsWorkListTableViewDelegate.m in Sources */ = {isa = PBXBuildFile; fileRef = E9B6D911142B0A3700E36419 /* iJobsWorkListTableViewDelegate.m */; };
		E9DA328E1438C41900F27229 /* DDAlertPrompt.m in Sources */ = {isa = PBXBuildFile; fileRef = E9DA328D1438C41900F27229 /* DDAlertPrompt.m */; };
		E9F08D521439B5C60077097D /* iJobsMapAnnotation.m in Sources */ = {isa = PBXBuildFile; fileRef = E9F08D511439B5C60077097D /* iJobsMapAnnotation.m */; };
		E9F72A1114332A23006062CE /* iJobsUserInfo.m in Sources */ = {isa = PBXBuildFile; fileRef = E9F72A1014332A23006062CE /* iJobsUserInfo.m */; };
		E9F72A1514332A5C006062CE /* iJobsUserLoginManager.m in Sources */ = {isa = PBXBuildFile; fileRef = E9F72A1414332A5C006062CE /* iJobsUserLoginManager.m */; };
		E9F72A181434AC27006062CE /* iJobsPhotoReportViewController.m in Sources */ = {isa = PBXBuildFile; fileRef = E9F72A171434AC26006062CE /* iJobsPhotoReportViewController.m */; };
		E9FBBA33143974D000019866 /* iJobsGoogleMapViewController.m in Sources */ = {isa = PBXBuildFile; fileRef = E9FBBA32143974D000019866 /* iJobsGoogleMapViewController.m */; };
		E9FBF5F414444455002B0A40 /* iJobsSignatureViewController.m in Sources */ = {isa = PBXBuildFile; fileRef = E9FBF5F314444455002B0A40 /* iJobsSignatureViewController.m */; };
/* End PBXBuildFile section */

/* Begin PBXContainerItemProxy section */
		3201088596B4756681693702 /* PBXContainerItemProxy */ = {
			isa = PBXContainerItemProxy;
			containerPortal = 3201088596B4756681693700 /* Three20UICommon.xcodeproj */;
			proxyType = 1;
			remoteGlobalIDString = BEF31F390F352DF5000DE5D2;
			remoteInfo = Three20UICommon;
		};
		3201088596B4756681693706 /* PBXContainerItemProxy */ = {
			isa = PBXContainerItemProxy;
			containerPortal = 3201088596B4756681693700 /* Three20UICommon.xcodeproj */;
			proxyType = 2;
			remoteGlobalIDString = BEF31F3A0F352DF5000DE5D2;
			remoteInfo = Three20UICommon;
		};
		3206A0F794A6D7A3F259DBF2 /* PBXContainerItemProxy */ = {
			isa = PBXContainerItemProxy;
			containerPortal = 3206A0F794A6D7A3F259DBF0 /* extThree20JSON.xcodeproj */;
			proxyType = 1;
			remoteGlobalIDString = BEF31F390F352DF5000DE5D2;
			remoteInfo = extThree20JSON;
		};
		3206A0F794A6D7A3F259DBF6 /* PBXContainerItemProxy */ = {
			isa = PBXContainerItemProxy;
			containerPortal = 3206A0F794A6D7A3F259DBF0 /* extThree20JSON.xcodeproj */;
			proxyType = 2;
			remoteGlobalIDString = BEF31F3A0F352DF5000DE5D2;
			remoteInfo = extThree20JSON;
		};
		320A2827FEC940B25BC42C62 /* PBXContainerItemProxy */ = {
			isa = PBXContainerItemProxy;
			containerPortal = 320A2827FEC940B25BC42C60 /* Three20Core.xcodeproj */;
			proxyType = 1;
			remoteGlobalIDString = BEF31F390F352DF5000DE5D2;
			remoteInfo = Three20Core;
		};
		320A2827FEC940B25BC42C66 /* PBXContainerItemProxy */ = {
			isa = PBXContainerItemProxy;
			containerPortal = 320A2827FEC940B25BC42C60 /* Three20Core.xcodeproj */;
			proxyType = 2;
			remoteGlobalIDString = BEF31F3A0F352DF5000DE5D2;
			remoteInfo = Three20Core;
		};
		320A5A189C235877202780D2 /* PBXContainerItemProxy */ = {
			isa = PBXContainerItemProxy;
			containerPortal = 320A5A189C235877202780D0 /* Three20Network.xcodeproj */;
			proxyType = 1;
			remoteGlobalIDString = BEF31F390F352DF5000DE5D2;
			remoteInfo = Three20Network;
		};
		320A5A189C235877202780D6 /* PBXContainerItemProxy */ = {
			isa = PBXContainerItemProxy;
			containerPortal = 320A5A189C235877202780D0 /* Three20Network.xcodeproj */;
			proxyType = 2;
			remoteGlobalIDString = BEF31F3A0F352DF5000DE5D2;
			remoteInfo = Three20Network;
		};
		320A737074758E53BA54BE92 /* PBXContainerItemProxy */ = {
			isa = PBXContainerItemProxy;
			containerPortal = 320A737074758E53BA54BE90 /* Three20UINavigator.xcodeproj */;
			proxyType = 1;
			remoteGlobalIDString = BEF31F390F352DF5000DE5D2;
			remoteInfo = Three20UINavigator;
		};
		320A737074758E53BA54BE96 /* PBXContainerItemProxy */ = {
			isa = PBXContainerItemProxy;
			containerPortal = 320A737074758E53BA54BE90 /* Three20UINavigator.xcodeproj */;
			proxyType = 2;
			remoteGlobalIDString = BEF31F3A0F352DF5000DE5D2;
			remoteInfo = Three20UINavigator;
		};
		320CC833B8AF0ACFD35E6222 /* PBXContainerItemProxy */ = {
			isa = PBXContainerItemProxy;
			containerPortal = 320CC833B8AF0ACFD35E6220 /* Three20Style.xcodeproj */;
			proxyType = 1;
			remoteGlobalIDString = BEF31F390F352DF5000DE5D2;
			remoteInfo = Three20Style;
		};
		320CC833B8AF0ACFD35E6226 /* PBXContainerItemProxy */ = {
			isa = PBXContainerItemProxy;
			containerPortal = 320CC833B8AF0ACFD35E6220 /* Three20Style.xcodeproj */;
			proxyType = 2;
			remoteGlobalIDString = BEF31F3A0F352DF5000DE5D2;
			remoteInfo = Three20Style;
		};
		320D7DCCE32703ACAB9A45E2 /* PBXContainerItemProxy */ = {
			isa = PBXContainerItemProxy;
			containerPortal = 320D7DCCE32703ACAB9A45E0 /* Three20.xcodeproj */;
			proxyType = 1;
			remoteGlobalIDString = BEF31F390F352DF5000DE5D2;
			remoteInfo = Three20;
		};
		320D7DCCE32703ACAB9A45E6 /* PBXContainerItemProxy */ = {
			isa = PBXContainerItemProxy;
			containerPortal = 320D7DCCE32703ACAB9A45E0 /* Three20.xcodeproj */;
			proxyType = 2;
			remoteGlobalIDString = BEF31F3A0F352DF5000DE5D2;
			remoteInfo = Three20;
		};
		320F2C48872C2E2C4DF86202 /* PBXContainerItemProxy */ = {
			isa = PBXContainerItemProxy;
			containerPortal = 320F2C48872C2E2C4DF86200 /* Three20UI.xcodeproj */;
			proxyType = 1;
			remoteGlobalIDString = BEF31F390F352DF5000DE5D2;
			remoteInfo = Three20UI;
		};
		320F2C48872C2E2C4DF86206 /* PBXContainerItemProxy */ = {
			isa = PBXContainerItemProxy;
			containerPortal = 320F2C48872C2E2C4DF86200 /* Three20UI.xcodeproj */;
			proxyType = 2;
			remoteGlobalIDString = BEF31F3A0F352DF5000DE5D2;
			remoteInfo = Three20UI;
		};
		E910FD6D1429D3FB0034AEBB /* PBXContainerItemProxy */ = {
			isa = PBXContainerItemProxy;
			containerPortal = E910FD421429D3FA0034AEBB /* Project object */;
			proxyType = 1;
			remoteGlobalIDString = E910FD4A1429D3FA0034AEBB;
			remoteInfo = iJobs;
		};
		E910FDB41429D7E80034AEBB /* PBXContainerItemProxy */ = {
			isa = PBXContainerItemProxy;
			containerPortal = 320D7DCCE32703ACAB9A45E0 /* Three20.xcodeproj */;
			proxyType = 2;
			remoteGlobalIDString = EB9E6C6210B6A8F800DE563C;
			remoteInfo = Three20UnitTests;
		};
		E910FDB71429D7E80034AEBB /* PBXContainerItemProxy */ = {
			isa = PBXContainerItemProxy;
			containerPortal = 320A2827FEC940B25BC42C60 /* Three20Core.xcodeproj */;
			proxyType = 2;
			remoteGlobalIDString = EB9E6C6210B6A8F800DE563C;
			remoteInfo = Three20CoreUnitTests;
		};
		E910FDBA1429D7E80034AEBB /* PBXContainerItemProxy */ = {
			isa = PBXContainerItemProxy;
			containerPortal = 320A5A189C235877202780D0 /* Three20Network.xcodeproj */;
			proxyType = 2;
			remoteGlobalIDString = EB9E6C6210B6A8F800DE563C;
			remoteInfo = Three20NetworkUnitTests;
		};
		E910FDBD1429D7E80034AEBB /* PBXContainerItemProxy */ = {
			isa = PBXContainerItemProxy;
			containerPortal = 320CC833B8AF0ACFD35E6220 /* Three20Style.xcodeproj */;
			proxyType = 2;
			remoteGlobalIDString = EB9E6C6210B6A8F800DE563C;
			remoteInfo = Three20StyleUnitTests;
		};
		E910FDC01429D7E80034AEBB /* PBXContainerItemProxy */ = {
			isa = PBXContainerItemProxy;
			containerPortal = 320F2C48872C2E2C4DF86200 /* Three20UI.xcodeproj */;
			proxyType = 2;
			remoteGlobalIDString = EB9E6C6210B6A8F800DE563C;
			remoteInfo = Three20UIUnitTests;
		};
		E910FDC31429D7E80034AEBB /* PBXContainerItemProxy */ = {
			isa = PBXContainerItemProxy;
			containerPortal = 3201088596B4756681693700 /* Three20UICommon.xcodeproj */;
			proxyType = 2;
			remoteGlobalIDString = EB9E6C6210B6A8F800DE563C;
			remoteInfo = Three20UICommonUnitTests;
		};
		E910FDC61429D7E80034AEBB /* PBXContainerItemProxy */ = {
			isa = PBXContainerItemProxy;
			containerPortal = 320A737074758E53BA54BE90 /* Three20UINavigator.xcodeproj */;
			proxyType = 2;
			remoteGlobalIDString = EB9E6C6210B6A8F800DE563C;
			remoteInfo = Three20UINavigatorUnitTests;
		};
		E910FE031429D8210034AEBB /* PBXContainerItemProxy */ = {
			isa = PBXContainerItemProxy;
			containerPortal = 3206A0F794A6D7A3F259DBF0 /* extThree20JSON.xcodeproj */;
			proxyType = 2;
			remoteGlobalIDString = 6E645BD91187751200F08CB1;
			remoteInfo = "extThree20JSON+YAJL";
		};
		E910FE051429D8210034AEBB /* PBXContainerItemProxy */ = {
			isa = PBXContainerItemProxy;
			containerPortal = 3206A0F794A6D7A3F259DBF0 /* extThree20JSON.xcodeproj */;
			proxyType = 2;
			remoteGlobalIDString = EB9E6C6210B6A8F800DE563C;
			remoteInfo = "extThree20JSONUnitTests+SBJSON";
		};
/* End PBXContainerItemProxy section */

/* Begin PBXFileReference section */
		3201088596B4756681693700 /* Three20UICommon.xcodeproj */ = {isa = PBXFileReference; lastKnownFileType = "wrapper.pb-project"; name = Three20UICommon.xcodeproj; path = submodule/Three20/src/Three20UICommon/Three20UICommon.xcodeproj; sourceTree = SOURCE_ROOT; };
		3206A0F794A6D7A3F259DBF0 /* extThree20JSON.xcodeproj */ = {isa = PBXFileReference; lastKnownFileType = "wrapper.pb-project"; name = extThree20JSON.xcodeproj; path = submodule/Three20/src/extThree20JSON/extThree20JSON.xcodeproj; sourceTree = SOURCE_ROOT; };
		320A2827FEC940B25BC42C60 /* Three20Core.xcodeproj */ = {isa = PBXFileReference; lastKnownFileType = "wrapper.pb-project"; name = Three20Core.xcodeproj; path = submodule/Three20/src/Three20Core/Three20Core.xcodeproj; sourceTree = SOURCE_ROOT; };
		320A5A189C235877202780D0 /* Three20Network.xcodeproj */ = {isa = PBXFileReference; lastKnownFileType = "wrapper.pb-project"; name = Three20Network.xcodeproj; path = submodule/Three20/src/Three20Network/Three20Network.xcodeproj; sourceTree = SOURCE_ROOT; };
		320A737074758E53BA54BE90 /* Three20UINavigator.xcodeproj */ = {isa = PBXFileReference; lastKnownFileType = "wrapper.pb-project"; name = Three20UINavigator.xcodeproj; path = submodule/Three20/src/Three20UINavigator/Three20UINavigator.xcodeproj; sourceTree = SOURCE_ROOT; };
		320AF8492C47A4D819F7C450 /* QuartzCore.framework */ = {isa = PBXFileReference; lastKnownFileType = wrapper.framework; name = QuartzCore.framework; path = System/Library/Frameworks/QuartzCore.framework; sourceTree = SDKROOT; };
		320B6C86F11D9990244A9730 /* Three20.bundle */ = {isa = PBXFileReference; lastKnownFileType = "wrapper.plug-in"; name = Three20.bundle; path = submodule/Three20/src/Three20.bundle; sourceTree = SOURCE_ROOT; };
		320CC833B8AF0ACFD35E6220 /* Three20Style.xcodeproj */ = {isa = PBXFileReference; lastKnownFileType = "wrapper.pb-project"; name = Three20Style.xcodeproj; path = submodule/Three20/src/Three20Style/Three20Style.xcodeproj; sourceTree = SOURCE_ROOT; };
		320D7DCCE32703ACAB9A45E0 /* Three20.xcodeproj */ = {isa = PBXFileReference; lastKnownFileType = "wrapper.pb-project"; name = Three20.xcodeproj; path = submodule/Three20/src/Three20/Three20.xcodeproj; sourceTree = SOURCE_ROOT; };
		320F2C48872C2E2C4DF86200 /* Three20UI.xcodeproj */ = {isa = PBXFileReference; lastKnownFileType = "wrapper.pb-project"; name = Three20UI.xcodeproj; path = submodule/Three20/src/Three20UI/Three20UI.xcodeproj; sourceTree = SOURCE_ROOT; };
		E90BD1B81436091F00400F76 /* MapKit.framework */ = {isa = PBXFileReference; lastKnownFileType = wrapper.framework; name = MapKit.framework; path = System/Library/Frameworks/MapKit.framework; sourceTree = SDKROOT; };
		E910FD4B1429D3FA0034AEBB /* iJobs.app */ = {isa = PBXFileReference; explicitFileType = wrapper.application; includeInIndex = 0; path = iJobs.app; sourceTree = BUILT_PRODUCTS_DIR; };
		E910FD4F1429D3FA0034AEBB /* UIKit.framework */ = {isa = PBXFileReference; lastKnownFileType = wrapper.framework; name = UIKit.framework; path = System/Library/Frameworks/UIKit.framework; sourceTree = SDKROOT; };
		E910FD511429D3FA0034AEBB /* Foundation.framework */ = {isa = PBXFileReference; lastKnownFileType = wrapper.framework; name = Foundation.framework; path = System/Library/Frameworks/Foundation.framework; sourceTree = SDKROOT; };
		E910FD531429D3FB0034AEBB /* CoreGraphics.framework */ = {isa = PBXFileReference; lastKnownFileType = wrapper.framework; name = CoreGraphics.framework; path = System/Library/Frameworks/CoreGraphics.framework; sourceTree = SDKROOT; };
		E910FD571429D3FB0034AEBB /* iJobs-Info.plist */ = {isa = PBXFileReference; lastKnownFileType = text.plist.xml; path = "iJobs-Info.plist"; sourceTree = "<group>"; };
		E910FD591429D3FB0034AEBB /* en */ = {isa = PBXFileReference; lastKnownFileType = text.plist.strings; name = en; path = en.lproj/InfoPlist.strings; sourceTree = "<group>"; };
		E910FD5B1429D3FB0034AEBB /* iJobs-Prefix.pch */ = {isa = PBXFileReference; lastKnownFileType = sourcecode.c.h; path = "iJobs-Prefix.pch"; sourceTree = "<group>"; };
		E910FD5C1429D3FB0034AEBB /* main.m */ = {isa = PBXFileReference; lastKnownFileType = sourcecode.c.objc; path = main.m; sourceTree = "<group>"; };
		E910FD5E1429D3FB0034AEBB /* iJobsAppDelegate.h */ = {isa = PBXFileReference; lastKnownFileType = sourcecode.c.h; path = iJobsAppDelegate.h; sourceTree = "<group>"; };
		E910FD5F1429D3FB0034AEBB /* iJobsAppDelegate.m */ = {isa = PBXFileReference; lastKnownFileType = sourcecode.c.objc; path = iJobsAppDelegate.m; sourceTree = "<group>"; };
		E910FD621429D3FB0034AEBB /* en */ = {isa = PBXFileReference; lastKnownFileType = file.xib; name = en; path = en.lproj/MainWindow.xib; sourceTree = "<group>"; };
		E910FD691429D3FB0034AEBB /* iJobsTests.octest */ = {isa = PBXFileReference; explicitFileType = wrapper.cfbundle; includeInIndex = 0; path = iJobsTests.octest; sourceTree = BUILT_PRODUCTS_DIR; };
		E910FD711429D3FB0034AEBB /* iJobsTests-Info.plist */ = {isa = PBXFileReference; lastKnownFileType = text.plist.xml; path = "iJobsTests-Info.plist"; sourceTree = "<group>"; };
		E910FD731429D3FB0034AEBB /* en */ = {isa = PBXFileReference; lastKnownFileType = text.plist.strings; name = en; path = en.lproj/InfoPlist.strings; sourceTree = "<group>"; };
		E910FD751429D3FB0034AEBB /* iJobsTests-Prefix.pch */ = {isa = PBXFileReference; lastKnownFileType = sourcecode.c.h; path = "iJobsTests-Prefix.pch"; sourceTree = "<group>"; };
		E910FD761429D3FB0034AEBB /* iJobsTests.h */ = {isa = PBXFileReference; lastKnownFileType = sourcecode.c.h; path = iJobsTests.h; sourceTree = "<group>"; };
		E910FD781429D3FB0034AEBB /* iJobsTests.m */ = {isa = PBXFileReference; lastKnownFileType = sourcecode.c.objc; path = iJobsTests.m; sourceTree = "<group>"; };
		E93E09A81457E19B00FEB617 /* iJobsCoreDataModel.xcdatamodel */ = {isa = PBXFileReference; lastKnownFileType = wrapper.xcdatamodel; path = iJobsCoreDataModel.xcdatamodel; sourceTree = "<group>"; };
		E93E09AA1457E43700FEB617 /* IJobsWorkListItem.h */ = {isa = PBXFileReference; fileEncoding = 4; lastKnownFileType = sourcecode.c.h; path = IJobsWorkListItem.h; sourceTree = "<group>"; };
		E93E09AB1457E43700FEB617 /* IJobsWorkListItem.m */ = {isa = PBXFileReference; fileEncoding = 4; lastKnownFileType = sourcecode.c.objc; path = IJobsWorkListItem.m; sourceTree = "<group>"; };
		E93E09AD1457EF4900FEB617 /* CoreData.framework */ = {isa = PBXFileReference; lastKnownFileType = wrapper.framework; name = CoreData.framework; path = System/Library/Frameworks/CoreData.framework; sourceTree = SDKROOT; };
		E9B6D8801429E17D00E36419 /* iJobsSummaryTableViewController.h */ = {isa = PBXFileReference; fileEncoding = 4; lastKnownFileType = sourcecode.c.h; path = iJobsSummaryTableViewController.h; sourceTree = "<group>"; };
		E9B6D8811429E17D00E36419 /* iJobsSummaryTableViewController.m */ = {isa = PBXFileReference; fileEncoding = 4; lastKnownFileType = sourcecode.c.objc; path = iJobsSummaryTableViewController.m; sourceTree = "<group>"; };
		E9B6D9011429E60D00E36419 /* iJobsWorkListTableViewController.h */ = {isa = PBXFileReference; fileEncoding = 4; lastKnownFileType = sourcecode.c.h; path = iJobsWorkListTableViewController.h; sourceTree = "<group>"; };
		E9B6D9021429E60D00E36419 /* iJobsWorkListTableViewController.m */ = {isa = PBXFileReference; fileEncoding = 4; lastKnownFileType = sourcecode.c.objc; path = iJobsWorkListTableViewController.m; sourceTree = "<group>"; };
		E9B6D9041429E68900E36419 /* iJobsWorkListModel.h */ = {isa = PBXFileReference; fileEncoding = 4; lastKnownFileType = sourcecode.c.h; path = iJobsWorkListModel.h; sourceTree = "<group>"; };
		E9B6D9051429E68900E36419 /* iJobsWorkListModel.m */ = {isa = PBXFileReference; fileEncoding = 4; lastKnownFileType = sourcecode.c.objc; path = iJobsWorkListModel.m; sourceTree = "<group>"; };
		E9B6D9071429E6A400E36419 /* iJobsWorkListDataSource.h */ = {isa = PBXFileReference; fileEncoding = 4; lastKnownFileType = sourcecode.c.h; path = iJobsWorkListDataSource.h; sourceTree = "<group>"; };
		E9B6D9081429E6A400E36419 /* iJobsWorkListDataSource.m */ = {isa = PBXFileReference; fileEncoding = 4; lastKnownFileType = sourcecode.c.objc; path = iJobsWorkListDataSource.m; sourceTree = "<group>"; };
		E9B6D90D142B00BC00E36419 /* iJobsWorkDetailTableViewController.h */ = {isa = PBXFileReference; fileEncoding = 4; lastKnownFileType = sourcecode.c.h; path = iJobsWorkDetailTableViewController.h; sourceTree = "<group>"; };
		E9B6D90E142B00BC00E36419 /* iJobsWorkDetailTableViewController.m */ = {isa = PBXFileReference; fileEncoding = 4; lastKnownFileType = sourcecode.c.objc; path = iJobsWorkDetailTableViewController.m; sourceTree = "<group>"; };
		E9B6D910142B0A3600E36419 /* iJobsWorkListTableViewDelegate.h */ = {isa = PBXFileReference; fileEncoding = 4; lastKnownFileType = sourcecode.c.h; path = iJobsWorkListTableViewDelegate.h; sourceTree = "<group>"; };
		E9B6D911142B0A3700E36419 /* iJobsWorkListTableViewDelegate.m */ = {isa = PBXFileReference; fileEncoding = 4; lastKnownFileType = sourcecode.c.objc; path = iJobsWorkListTableViewDelegate.m; sourceTree = "<group>"; };
		E9D3C76F1429D95000D36C54 /* iJobsAtLas.h */ = {isa = PBXFileReference; fileEncoding = 4; lastKnownFileType = sourcecode.c.h; path = iJobsAtLas.h; sourceTree = "<group>"; };
		E9DA328C1438C41900F27229 /* DDAlertPrompt.h */ = {isa = PBXFileReference; fileEncoding = 4; lastKnownFileType = sourcecode.c.h; name = DDAlertPrompt.h; path = submodule/DDAlertPrompt/DDAlertPrompt.h; sourceTree = SOURCE_ROOT; };
		E9DA328D1438C41900F27229 /* DDAlertPrompt.m */ = {isa = PBXFileReference; fileEncoding = 4; lastKnownFileType = sourcecode.c.objc; name = DDAlertPrompt.m; path = submodule/DDAlertPrompt/DDAlertPrompt.m; sourceTree = SOURCE_ROOT; };
		E9F08D501439B5C60077097D /* iJobsMapAnnotation.h */ = {isa = PBXFileReference; fileEncoding = 4; lastKnownFileType = sourcecode.c.h; path = iJobsMapAnnotation.h; sourceTree = "<group>"; };
		E9F08D511439B5C60077097D /* iJobsMapAnnotation.m */ = {isa = PBXFileReference; fileEncoding = 4; lastKnownFileType = sourcecode.c.objc; path = iJobsMapAnnotation.m; sourceTree = "<group>"; };
		E9F72A0F14332A23006062CE /* iJobsUserInfo.h */ = {isa = PBXFileReference; fileEncoding = 4; lastKnownFileType = sourcecode.c.h; path = iJobsUserInfo.h; sourceTree = "<group>"; };
		E9F72A1014332A23006062CE /* iJobsUserInfo.m */ = {isa = PBXFileReference; fileEncoding = 4; lastKnownFileType = sourcecode.c.objc; path = iJobsUserInfo.m; sourceTree = "<group>"; };
		E9F72A1314332A5C006062CE /* iJobsUserLoginManager.h */ = {isa = PBXFileReference; fileEncoding = 4; lastKnownFileType = sourcecode.c.h; path = iJobsUserLoginManager.h; sourceTree = "<group>"; };
		E9F72A1414332A5C006062CE /* iJobsUserLoginManager.m */ = {isa = PBXFileReference; fileEncoding = 4; lastKnownFileType = sourcecode.c.objc; path = iJobsUserLoginManager.m; sourceTree = "<group>"; };
		E9F72A161434AC26006062CE /* iJobsPhotoReportViewController.h */ = {isa = PBXFileReference; fileEncoding = 4; lastKnownFileType = sourcecode.c.h; path = iJobsPhotoReportViewController.h; sourceTree = "<group>"; };
		E9F72A171434AC26006062CE /* iJobsPhotoReportViewController.m */ = {isa = PBXFileReference; fileEncoding = 4; lastKnownFileType = sourcecode.c.objc; path = iJobsPhotoReportViewController.m; sourceTree = "<group>"; };
		E9FBBA31143974D000019866 /* iJobsGoogleMapViewController.h */ = {isa = PBXFileReference; fileEncoding = 4; lastKnownFileType = sourcecode.c.h; path = iJobsGoogleMapViewController.h; sourceTree = "<group>"; };
		E9FBBA32143974D000019866 /* iJobsGoogleMapViewController.m */ = {isa = PBXFileReference; fileEncoding = 4; lastKnownFileType = sourcecode.c.objc; path = iJobsGoogleMapViewController.m; sourceTree = "<group>"; };
		E9FBF5F214444455002B0A40 /* iJobsSignatureViewController.h */ = {isa = PBXFileReference; fileEncoding = 4; lastKnownFileType = sourcecode.c.h; path = iJobsSignatureViewController.h; sourceTree = "<group>"; };
		E9FBF5F314444455002B0A40 /* iJobsSignatureViewController.m */ = {isa = PBXFileReference; fileEncoding = 4; lastKnownFileType = sourcecode.c.objc; path = iJobsSignatureViewController.m; sourceTree = "<group>"; };
/* End PBXFileReference section */

/* Begin PBXFrameworksBuildPhase section */
		E910FD481429D3FA0034AEBB /* Frameworks */ = {
			isa = PBXFrameworksBuildPhase;
			buildActionMask = 2147483647;
			files = (
				E93E09AE1457EF4900FEB617 /* CoreData.framework in Frameworks */,
				E90BD1B91436091F00400F76 /* MapKit.framework in Frameworks */,
				3206A0F794A6D7A3F259DBF5 /* libextThree20JSON+SBJSON.a in Frameworks */,
				3201088596B4756681693705 /* libThree20UICommon.a in Frameworks */,
				320D7DCCE32703ACAB9A45E5 /* libThree20.a in Frameworks */,
				320A737074758E53BA54BE95 /* libThree20UINavigator.a in Frameworks */,
				320A2827FEC940B25BC42C65 /* libThree20Core.a in Frameworks */,
				320F2C48872C2E2C4DF86205 /* libThree20UI.a in Frameworks */,
				320AF8492C47A4D819F7C451 /* QuartzCore.framework in Frameworks */,
				320A5A189C235877202780D5 /* libThree20Network.a in Frameworks */,
				320CC833B8AF0ACFD35E6225 /* libThree20Style.a in Frameworks */,
				E910FD501429D3FA0034AEBB /* UIKit.framework in Frameworks */,
				E910FD521429D3FA0034AEBB /* Foundation.framework in Frameworks */,
				E910FD541429D3FB0034AEBB /* CoreGraphics.framework in Frameworks */,
			);
			runOnlyForDeploymentPostprocessing = 0;
		};
		E910FD651429D3FB0034AEBB /* Frameworks */ = {
			isa = PBXFrameworksBuildPhase;
			buildActionMask = 2147483647;
			files = (
				E910FD6A1429D3FB0034AEBB /* UIKit.framework in Frameworks */,
				E910FD6B1429D3FB0034AEBB /* Foundation.framework in Frameworks */,
				E910FD6C1429D3FB0034AEBB /* CoreGraphics.framework in Frameworks */,
			);
			runOnlyForDeploymentPostprocessing = 0;
		};
/* End PBXFrameworksBuildPhase section */

/* Begin PBXGroup section */
		3201088596B4756681693703 /* Products */ = {
			isa = PBXGroup;
			children = (
				3201088596B4756681693704 /* libThree20UICommon.a */,
				E910FDC41429D7E80034AEBB /* UICommonUnitTests.octest */,
			);
			name = Products;
			sourceTree = "<group>";
		};
		3206A0F794A6D7A3F259DBF3 /* Products */ = {
			isa = PBXGroup;
			children = (
				3206A0F794A6D7A3F259DBF4 /* libextThree20JSON+SBJSON.a */,
				E910FE041429D8210034AEBB /* libextThree20JSON+YAJL.a */,
				E910FE061429D8210034AEBB /* extJSONUnitTests+SBJSON.octest */,
			);
			name = Products;
			sourceTree = "<group>";
		};
		320A2827FEC940B25BC42C63 /* Products */ = {
			isa = PBXGroup;
			children = (
				320A2827FEC940B25BC42C64 /* libThree20Core.a */,
				E910FDB81429D7E80034AEBB /* CoreUnitTests.octest */,
			);
			name = Products;
			sourceTree = "<group>";
		};
		320A5A189C235877202780D3 /* Products */ = {
			isa = PBXGroup;
			children = (
				320A5A189C235877202780D4 /* libThree20Network.a */,
				E910FDBB1429D7E80034AEBB /* NetworkUnitTests.octest */,
			);
			name = Products;
			sourceTree = "<group>";
		};
		320A737074758E53BA54BE93 /* Products */ = {
			isa = PBXGroup;
			children = (
				320A737074758E53BA54BE94 /* libThree20UINavigator.a */,
				E910FDC71429D7E80034AEBB /* UINavigatorUnitTests.octest */,
			);
			name = Products;
			sourceTree = "<group>";
		};
		320CC833B8AF0ACFD35E6223 /* Products */ = {
			isa = PBXGroup;
			children = (
				320CC833B8AF0ACFD35E6224 /* libThree20Style.a */,
				E910FDBE1429D7E80034AEBB /* StyleUnitTests.octest */,
			);
			name = Products;
			sourceTree = "<group>";
		};
		320D7DCCE32703ACAB9A45E3 /* Products */ = {
			isa = PBXGroup;
			children = (
				320D7DCCE32703ACAB9A45E4 /* libThree20.a */,
				E910FDB51429D7E80034AEBB /* Three20UnitTests.octest */,
			);
			name = Products;
			sourceTree = "<group>";
		};
		320F2C48872C2E2C4DF86203 /* Products */ = {
			isa = PBXGroup;
			children = (
				320F2C48872C2E2C4DF86204 /* libThree20UI.a */,
				E910FDC11429D7E80034AEBB /* UIUnitTests.octest */,
			);
			name = Products;
			sourceTree = "<group>";
		};
		E910FD401429D3FA0034AEBB = {
			isa = PBXGroup;
			children = (
				E910FD551429D3FB0034AEBB /* iJobs */,
				E910FD6F1429D3FB0034AEBB /* iJobsTests */,
				E910FD4E1429D3FA0034AEBB /* Frameworks */,
				E910FD4C1429D3FA0034AEBB /* Products */,
			);
			sourceTree = "<group>";
		};
		E910FD4C1429D3FA0034AEBB /* Products */ = {
			isa = PBXGroup;
			children = (
				E910FD4B1429D3FA0034AEBB /* iJobs.app */,
				E910FD691429D3FB0034AEBB /* iJobsTests.octest */,
			);
			name = Products;
			sourceTree = "<group>";
		};
		E910FD4E1429D3FA0034AEBB /* Frameworks */ = {
			isa = PBXGroup;
			children = (
				E93E09AD1457EF4900FEB617 /* CoreData.framework */,
				E90BD1B81436091F00400F76 /* MapKit.framework */,
				3206A0F794A6D7A3F259DBF0 /* extThree20JSON.xcodeproj */,
				3201088596B4756681693700 /* Three20UICommon.xcodeproj */,
				320D7DCCE32703ACAB9A45E0 /* Three20.xcodeproj */,
				320A737074758E53BA54BE90 /* Three20UINavigator.xcodeproj */,
				320A2827FEC940B25BC42C60 /* Three20Core.xcodeproj */,
				320F2C48872C2E2C4DF86200 /* Three20UI.xcodeproj */,
				320AF8492C47A4D819F7C450 /* QuartzCore.framework */,
				320A5A189C235877202780D0 /* Three20Network.xcodeproj */,
				320CC833B8AF0ACFD35E6220 /* Three20Style.xcodeproj */,
				E910FD4F1429D3FA0034AEBB /* UIKit.framework */,
				E910FD511429D3FA0034AEBB /* Foundation.framework */,
				E910FD531429D3FB0034AEBB /* CoreGraphics.framework */,
			);
			name = Frameworks;
			sourceTree = "<group>";
		};
		E910FD551429D3FB0034AEBB /* iJobs */ = {
			isa = PBXGroup;
			children = (
				E910FD5E1429D3FB0034AEBB /* iJobsAppDelegate.h */,
				E910FD5F1429D3FB0034AEBB /* iJobsAppDelegate.m */,
				E9D3C76F1429D95000D36C54 /* iJobsAtLas.h */,
				E9B6D87C1429E0ED00E36419 /* Controller */,
				E9B6D87D1429E11300E36419 /* DataSource */,
				E9B6D87E1429E11500E36419 /* Model */,
				E9B6D87F1429E11700E36419 /* Object */,
				E9F72A1214332A30006062CE /* Manager */,
				E910FD561429D3FB0034AEBB /* Supporting Files */,
			);
			path = iJobs;
			sourceTree = "<group>";
		};
		E910FD561429D3FB0034AEBB /* Supporting Files */ = {
			isa = PBXGroup;
			children = (
				E9DA328B1438C3F500F27229 /* Submodules */,
				E93E09A71457E19B00FEB617 /* iJobsCoreDataModel.xcdatamodeld */,
				E910FD611429D3FB0034AEBB /* MainWindow.xib */,
				320B6C86F11D9990244A9730 /* Three20.bundle */,
				E910FD571429D3FB0034AEBB /* iJobs-Info.plist */,
				E910FD581429D3FB0034AEBB /* InfoPlist.strings */,
				E910FD5B1429D3FB0034AEBB /* iJobs-Prefix.pch */,
				E910FD5C1429D3FB0034AEBB /* main.m */,
			);
			name = "Supporting Files";
			sourceTree = "<group>";
		};
		E910FD6F1429D3FB0034AEBB /* iJobsTests */ = {
			isa = PBXGroup;
			children = (
				E910FD761429D3FB0034AEBB /* iJobsTests.h */,
				E910FD781429D3FB0034AEBB /* iJobsTests.m */,
				E910FD701429D3FB0034AEBB /* Supporting Files */,
			);
			path = iJobsTests;
			sourceTree = "<group>";
		};
		E910FD701429D3FB0034AEBB /* Supporting Files */ = {
			isa = PBXGroup;
			children = (
				E910FD711429D3FB0034AEBB /* iJobsTests-Info.plist */,
				E910FD721429D3FB0034AEBB /* InfoPlist.strings */,
				E910FD751429D3FB0034AEBB /* iJobsTests-Prefix.pch */,
			);
			name = "Supporting Files";
			sourceTree = "<group>";
		};
		E9B6D87C1429E0ED00E36419 /* Controller */ = {
			isa = PBXGroup;
			children = (
				E9B6D913142B0A3C00E36419 /* iJobsTableViewDelegate */,
				E9B6D8801429E17D00E36419 /* iJobsSummaryTableViewController.h */,
				E9B6D8811429E17D00E36419 /* iJobsSummaryTableViewController.m */,
				E9B6D9011429E60D00E36419 /* iJobsWorkListTableViewController.h */,
				E9B6D9021429E60D00E36419 /* iJobsWorkListTableViewController.m */,
				E9B6D90D142B00BC00E36419 /* iJobsWorkDetailTableViewController.h */,
				E9B6D90E142B00BC00E36419 /* iJobsWorkDetailTableViewController.m */,
				E9F72A161434AC26006062CE /* iJobsPhotoReportViewController.h */,
				E9F72A171434AC26006062CE /* iJobsPhotoReportViewController.m */,
				E9FBBA31143974D000019866 /* iJobsGoogleMapViewController.h */,
				E9FBBA32143974D000019866 /* iJobsGoogleMapViewController.m */,
				E9FBF5F214444455002B0A40 /* iJobsSignatureViewController.h */,
				E9FBF5F314444455002B0A40 /* iJobsSignatureViewController.m */,
			);
			name = Controller;
			sourceTree = "<group>";
		};
		E9B6D87D1429E11300E36419 /* DataSource */ = {
			isa = PBXGroup;
			children = (
				E9B6D9071429E6A400E36419 /* iJobsWorkListDataSource.h */,
				E9B6D9081429E6A400E36419 /* iJobsWorkListDataSource.m */,
			);
			name = DataSource;
			sourceTree = "<group>";
		};
		E9B6D87E1429E11500E36419 /* Model */ = {
			isa = PBXGroup;
			children = (
				E9B6D9041429E68900E36419 /* iJobsWorkListModel.h */,
				E9B6D9051429E68900E36419 /* iJobsWorkListModel.m */,
			);
			name = Model;
			sourceTree = "<group>";
		};
		E9B6D87F1429E11700E36419 /* Object */ = {
			isa = PBXGroup;
			children = (
				E9F72A0F14332A23006062CE /* iJobsUserInfo.h */,
				E9F72A1014332A23006062CE /* iJobsUserInfo.m */,
				E9F08D501439B5C60077097D /* iJobsMapAnnotation.h */,
				E9F08D511439B5C60077097D /* iJobsMapAnnotation.m */,
				E93E09AA1457E43700FEB617 /* IJobsWorkListItem.h */,
				E93E09AB1457E43700FEB617 /* IJobsWorkListItem.m */,
			);
			name = Object;
			sourceTree = "<group>";
		};
		E9B6D913142B0A3C00E36419 /* iJobsTableViewDelegate */ = {
			isa = PBXGroup;
			children = (
				E9B6D910142B0A3600E36419 /* iJobsWorkListTableViewDelegate.h */,
				E9B6D911142B0A3700E36419 /* iJobsWorkListTableViewDelegate.m */,
			);
			name = iJobsTableViewDelegate;
			sourceTree = "<group>";
		};
		E9DA328B1438C3F500F27229 /* Submodules */ = {
			isa = PBXGroup;
			children = (
				E9DA328F1438C41D00F27229 /* DDAlertPrompt */,
			);
			name = Submodules;
			sourceTree = "<group>";
		};
		E9DA328F1438C41D00F27229 /* DDAlertPrompt */ = {
			isa = PBXGroup;
			children = (
				E9DA328C1438C41900F27229 /* DDAlertPrompt.h */,
				E9DA328D1438C41900F27229 /* DDAlertPrompt.m */,
			);
			name = DDAlertPrompt;
			sourceTree = "<group>";
		};
		E9F72A1214332A30006062CE /* Manager */ = {
			isa = PBXGroup;
			children = (
				E9F72A1314332A5C006062CE /* iJobsUserLoginManager.h */,
				E9F72A1414332A5C006062CE /* iJobsUserLoginManager.m */,
			);
			name = Manager;
			sourceTree = "<group>";
		};
/* End PBXGroup section */

/* Begin PBXNativeTarget section */
		E910FD4A1429D3FA0034AEBB /* iJobs */ = {
			isa = PBXNativeTarget;
			buildConfigurationList = E910FD7C1429D3FB0034AEBB /* Build configuration list for PBXNativeTarget "iJobs" */;
			buildPhases = (
				E910FD471429D3FA0034AEBB /* Sources */,
				E910FD481429D3FA0034AEBB /* Frameworks */,
				E910FD491429D3FA0034AEBB /* Resources */,
			);
			buildRules = (
			);
			dependencies = (
				3206A0F794A6D7A3F259DBF1 /* PBXTargetDependency */,
				3201088596B4756681693701 /* PBXTargetDependency */,
				320D7DCCE32703ACAB9A45E1 /* PBXTargetDependency */,
				320A737074758E53BA54BE91 /* PBXTargetDependency */,
				320A2827FEC940B25BC42C61 /* PBXTargetDependency */,
				320F2C48872C2E2C4DF86201 /* PBXTargetDependency */,
				320A5A189C235877202780D1 /* PBXTargetDependency */,
				320CC833B8AF0ACFD35E6221 /* PBXTargetDependency */,
			);
			name = iJobs;
			productName = iJobs;
			productReference = E910FD4B1429D3FA0034AEBB /* iJobs.app */;
			productType = "com.apple.product-type.application";
		};
		E910FD681429D3FB0034AEBB /* iJobsTests */ = {
			isa = PBXNativeTarget;
			buildConfigurationList = E910FD7F1429D3FB0034AEBB /* Build configuration list for PBXNativeTarget "iJobsTests" */;
			buildPhases = (
				E910FD641429D3FB0034AEBB /* Sources */,
				E910FD651429D3FB0034AEBB /* Frameworks */,
				E910FD661429D3FB0034AEBB /* Resources */,
				E910FD671429D3FB0034AEBB /* ShellScript */,
			);
			buildRules = (
			);
			dependencies = (
				E910FD6E1429D3FB0034AEBB /* PBXTargetDependency */,
			);
			name = iJobsTests;
			productName = iJobsTests;
			productReference = E910FD691429D3FB0034AEBB /* iJobsTests.octest */;
			productType = "com.apple.product-type.bundle";
		};
/* End PBXNativeTarget section */

/* Begin PBXProject section */
		E910FD421429D3FA0034AEBB /* Project object */ = {
			isa = PBXProject;
			attributes = {
				ORGANIZATIONNAME = NCCUCS;
			};
			buildConfigurationList = E910FD451429D3FA0034AEBB /* Build configuration list for PBXProject "iJobs" */;
			compatibilityVersion = "Xcode 3.2";
			developmentRegion = English;
			hasScannedForEncodings = 0;
			knownRegions = (
				en,
			);
			mainGroup = E910FD401429D3FA0034AEBB;
			productRefGroup = E910FD4C1429D3FA0034AEBB /* Products */;
			projectDirPath = "";
			projectReferences = (
				{
					ProductGroup = 3206A0F794A6D7A3F259DBF3 /* Products */;
					ProjectRef = 3206A0F794A6D7A3F259DBF0 /* extThree20JSON.xcodeproj */;
				},
				{
					ProductGroup = 320D7DCCE32703ACAB9A45E3 /* Products */;
					ProjectRef = 320D7DCCE32703ACAB9A45E0 /* Three20.xcodeproj */;
				},
				{
					ProductGroup = 320A2827FEC940B25BC42C63 /* Products */;
					ProjectRef = 320A2827FEC940B25BC42C60 /* Three20Core.xcodeproj */;
				},
				{
					ProductGroup = 320A5A189C235877202780D3 /* Products */;
					ProjectRef = 320A5A189C235877202780D0 /* Three20Network.xcodeproj */;
				},
				{
					ProductGroup = 320CC833B8AF0ACFD35E6223 /* Products */;
					ProjectRef = 320CC833B8AF0ACFD35E6220 /* Three20Style.xcodeproj */;
				},
				{
					ProductGroup = 320F2C48872C2E2C4DF86203 /* Products */;
					ProjectRef = 320F2C48872C2E2C4DF86200 /* Three20UI.xcodeproj */;
				},
				{
					ProductGroup = 3201088596B4756681693703 /* Products */;
					ProjectRef = 3201088596B4756681693700 /* Three20UICommon.xcodeproj */;
				},
				{
					ProductGroup = 320A737074758E53BA54BE93 /* Products */;
					ProjectRef = 320A737074758E53BA54BE90 /* Three20UINavigator.xcodeproj */;
				},
			);
			projectRoot = "";
			targets = (
				E910FD4A1429D3FA0034AEBB /* iJobs */,
				E910FD681429D3FB0034AEBB /* iJobsTests */,
			);
		};
/* End PBXProject section */

/* Begin PBXReferenceProxy section */
		3201088596B4756681693704 /* libThree20UICommon.a */ = {
			isa = PBXReferenceProxy;
			fileType = archive.ar;
			path = libThree20UICommon.a;
			remoteRef = 3201088596B4756681693706 /* PBXContainerItemProxy */;
			sourceTree = BUILT_PRODUCTS_DIR;
		};
		3206A0F794A6D7A3F259DBF4 /* libextThree20JSON+SBJSON.a */ = {
			isa = PBXReferenceProxy;
			fileType = archive.ar;
			path = "libextThree20JSON+SBJSON.a";
			remoteRef = 3206A0F794A6D7A3F259DBF6 /* PBXContainerItemProxy */;
			sourceTree = BUILT_PRODUCTS_DIR;
		};
		320A2827FEC940B25BC42C64 /* libThree20Core.a */ = {
			isa = PBXReferenceProxy;
			fileType = archive.ar;
			path = libThree20Core.a;
			remoteRef = 320A2827FEC940B25BC42C66 /* PBXContainerItemProxy */;
			sourceTree = BUILT_PRODUCTS_DIR;
		};
		320A5A189C235877202780D4 /* libThree20Network.a */ = {
			isa = PBXReferenceProxy;
			fileType = archive.ar;
			path = libThree20Network.a;
			remoteRef = 320A5A189C235877202780D6 /* PBXContainerItemProxy */;
			sourceTree = BUILT_PRODUCTS_DIR;
		};
		320A737074758E53BA54BE94 /* libThree20UINavigator.a */ = {
			isa = PBXReferenceProxy;
			fileType = archive.ar;
			path = libThree20UINavigator.a;
			remoteRef = 320A737074758E53BA54BE96 /* PBXContainerItemProxy */;
			sourceTree = BUILT_PRODUCTS_DIR;
		};
		320CC833B8AF0ACFD35E6224 /* libThree20Style.a */ = {
			isa = PBXReferenceProxy;
			fileType = archive.ar;
			path = libThree20Style.a;
			remoteRef = 320CC833B8AF0ACFD35E6226 /* PBXContainerItemProxy */;
			sourceTree = BUILT_PRODUCTS_DIR;
		};
		320D7DCCE32703ACAB9A45E4 /* libThree20.a */ = {
			isa = PBXReferenceProxy;
			fileType = archive.ar;
			path = libThree20.a;
			remoteRef = 320D7DCCE32703ACAB9A45E6 /* PBXContainerItemProxy */;
			sourceTree = BUILT_PRODUCTS_DIR;
		};
		320F2C48872C2E2C4DF86204 /* libThree20UI.a */ = {
			isa = PBXReferenceProxy;
			fileType = archive.ar;
			path = libThree20UI.a;
			remoteRef = 320F2C48872C2E2C4DF86206 /* PBXContainerItemProxy */;
			sourceTree = BUILT_PRODUCTS_DIR;
		};
		E910FDB51429D7E80034AEBB /* Three20UnitTests.octest */ = {
			isa = PBXReferenceProxy;
			fileType = wrapper.cfbundle;
			path = Three20UnitTests.octest;
			remoteRef = E910FDB41429D7E80034AEBB /* PBXContainerItemProxy */;
			sourceTree = BUILT_PRODUCTS_DIR;
		};
		E910FDB81429D7E80034AEBB /* CoreUnitTests.octest */ = {
			isa = PBXReferenceProxy;
			fileType = wrapper.cfbundle;
			path = CoreUnitTests.octest;
			remoteRef = E910FDB71429D7E80034AEBB /* PBXContainerItemProxy */;
			sourceTree = BUILT_PRODUCTS_DIR;
		};
		E910FDBB1429D7E80034AEBB /* NetworkUnitTests.octest */ = {
			isa = PBXReferenceProxy;
			fileType = wrapper.cfbundle;
			path = NetworkUnitTests.octest;
			remoteRef = E910FDBA1429D7E80034AEBB /* PBXContainerItemProxy */;
			sourceTree = BUILT_PRODUCTS_DIR;
		};
		E910FDBE1429D7E80034AEBB /* StyleUnitTests.octest */ = {
			isa = PBXReferenceProxy;
			fileType = wrapper.cfbundle;
			path = StyleUnitTests.octest;
			remoteRef = E910FDBD1429D7E80034AEBB /* PBXContainerItemProxy */;
			sourceTree = BUILT_PRODUCTS_DIR;
		};
		E910FDC11429D7E80034AEBB /* UIUnitTests.octest */ = {
			isa = PBXReferenceProxy;
			fileType = wrapper.cfbundle;
			path = UIUnitTests.octest;
			remoteRef = E910FDC01429D7E80034AEBB /* PBXContainerItemProxy */;
			sourceTree = BUILT_PRODUCTS_DIR;
		};
		E910FDC41429D7E80034AEBB /* UICommonUnitTests.octest */ = {
			isa = PBXReferenceProxy;
			fileType = wrapper.cfbundle;
			path = UICommonUnitTests.octest;
			remoteRef = E910FDC31429D7E80034AEBB /* PBXContainerItemProxy */;
			sourceTree = BUILT_PRODUCTS_DIR;
		};
		E910FDC71429D7E80034AEBB /* UINavigatorUnitTests.octest */ = {
			isa = PBXReferenceProxy;
			fileType = wrapper.cfbundle;
			path = UINavigatorUnitTests.octest;
			remoteRef = E910FDC61429D7E80034AEBB /* PBXContainerItemProxy */;
			sourceTree = BUILT_PRODUCTS_DIR;
		};
		E910FE041429D8210034AEBB /* libextThree20JSON+YAJL.a */ = {
			isa = PBXReferenceProxy;
			fileType = archive.ar;
			path = "libextThree20JSON+YAJL.a";
			remoteRef = E910FE031429D8210034AEBB /* PBXContainerItemProxy */;
			sourceTree = BUILT_PRODUCTS_DIR;
		};
		E910FE061429D8210034AEBB /* extJSONUnitTests+SBJSON.octest */ = {
			isa = PBXReferenceProxy;
			fileType = wrapper.cfbundle;
			path = "extJSONUnitTests+SBJSON.octest";
			remoteRef = E910FE051429D8210034AEBB /* PBXContainerItemProxy */;
			sourceTree = BUILT_PRODUCTS_DIR;
		};
/* End PBXReferenceProxy section */

/* Begin PBXResourcesBuildPhase section */
		E910FD491429D3FA0034AEBB /* Resources */ = {
			isa = PBXResourcesBuildPhase;
			buildActionMask = 2147483647;
			files = (
				320B6C86F11D9990244A9731 /* Three20.bundle in Resources */,
				E910FD5A1429D3FB0034AEBB /* InfoPlist.strings in Resources */,
				E910FD631429D3FB0034AEBB /* MainWindow.xib in Resources */,
			);
			runOnlyForDeploymentPostprocessing = 0;
		};
		E910FD661429D3FB0034AEBB /* Resources */ = {
			isa = PBXResourcesBuildPhase;
			buildActionMask = 2147483647;
			files = (
				E910FD741429D3FB0034AEBB /* InfoPlist.strings in Resources */,
				E910FD771429D3FB0034AEBB /* iJobsTests.h in Resources */,
			);
			runOnlyForDeploymentPostprocessing = 0;
		};
/* End PBXResourcesBuildPhase section */

/* Begin PBXShellScriptBuildPhase section */
		E910FD671429D3FB0034AEBB /* ShellScript */ = {
			isa = PBXShellScriptBuildPhase;
			buildActionMask = 2147483647;
			files = (
			);
			inputPaths = (
			);
			outputPaths = (
			);
			runOnlyForDeploymentPostprocessing = 0;
			shellPath = /bin/sh;
			shellScript = "# Run the unit tests in this test bundle.\n\"${SYSTEM_DEVELOPER_DIR}/Tools/RunUnitTests\"\n";
		};
/* End PBXShellScriptBuildPhase section */

/* Begin PBXSourcesBuildPhase section */
		E910FD471429D3FA0034AEBB /* Sources */ = {
			isa = PBXSourcesBuildPhase;
			buildActionMask = 2147483647;
			files = (
				E910FD5D1429D3FB0034AEBB /* main.m in Sources */,
				E910FD601429D3FB0034AEBB /* iJobsAppDelegate.m in Sources */,
				E9B6D8821429E17D00E36419 /* iJobsSummaryTableViewController.m in Sources */,
				E9B6D9031429E60D00E36419 /* iJobsWorkListTableViewController.m in Sources */,
				E9B6D9061429E68900E36419 /* iJobsWorkListModel.m in Sources */,
				E9B6D9091429E6A400E36419 /* iJobsWorkListDataSource.m in Sources */,
				E9B6D90F142B00BC00E36419 /* iJobsWorkDetailTableViewController.m in Sources */,
				E9B6D912142B0A3700E36419 /* iJobsWorkListTableViewDelegate.m in Sources */,
				E9F72A1114332A23006062CE /* iJobsUserInfo.m in Sources */,
				E9F72A1514332A5C006062CE /* iJobsUserLoginManager.m in Sources */,
				E9F72A181434AC27006062CE /* iJobsPhotoReportViewController.m in Sources */,
				E9DA328E1438C41900F27229 /* DDAlertPrompt.m in Sources */,
				E9FBBA33143974D000019866 /* iJobsGoogleMapViewController.m in Sources */,
				E9F08D521439B5C60077097D /* iJobsMapAnnotation.m in Sources */,
				E9FBF5F414444455002B0A40 /* iJobsSignatureViewController.m in Sources */,
				E93E09A91457E19B00FEB617 /* iJobsCoreDataModel.xcdatamodeld in Sources */,
				E93E09AC1457E43700FEB617 /* IJobsWorkListItem.m in Sources */,
			);
			runOnlyForDeploymentPostprocessing = 0;
		};
		E910FD641429D3FB0034AEBB /* Sources */ = {
			isa = PBXSourcesBuildPhase;
			buildActionMask = 2147483647;
			files = (
				E910FD791429D3FB0034AEBB /* iJobsTests.m in Sources */,
			);
			runOnlyForDeploymentPostprocessing = 0;
		};
/* End PBXSourcesBuildPhase section */

/* Begin PBXTargetDependency section */
		3201088596B4756681693701 /* PBXTargetDependency */ = {
			isa = PBXTargetDependency;
			name = Three20UICommon;
			targetProxy = 3201088596B4756681693702 /* PBXContainerItemProxy */;
		};
		3206A0F794A6D7A3F259DBF1 /* PBXTargetDependency */ = {
			isa = PBXTargetDependency;
			name = extThree20JSON;
			targetProxy = 3206A0F794A6D7A3F259DBF2 /* PBXContainerItemProxy */;
		};
		320A2827FEC940B25BC42C61 /* PBXTargetDependency */ = {
			isa = PBXTargetDependency;
			name = Three20Core;
			targetProxy = 320A2827FEC940B25BC42C62 /* PBXContainerItemProxy */;
		};
		320A5A189C235877202780D1 /* PBXTargetDependency */ = {
			isa = PBXTargetDependency;
			name = Three20Network;
			targetProxy = 320A5A189C235877202780D2 /* PBXContainerItemProxy */;
		};
		320A737074758E53BA54BE91 /* PBXTargetDependency */ = {
			isa = PBXTargetDependency;
			name = Three20UINavigator;
			targetProxy = 320A737074758E53BA54BE92 /* PBXContainerItemProxy */;
		};
		320CC833B8AF0ACFD35E6221 /* PBXTargetDependency */ = {
			isa = PBXTargetDependency;
			name = Three20Style;
			targetProxy = 320CC833B8AF0ACFD35E6222 /* PBXContainerItemProxy */;
		};
		320D7DCCE32703ACAB9A45E1 /* PBXTargetDependency */ = {
			isa = PBXTargetDependency;
			name = Three20;
			targetProxy = 320D7DCCE32703ACAB9A45E2 /* PBXContainerItemProxy */;
		};
		320F2C48872C2E2C4DF86201 /* PBXTargetDependency */ = {
			isa = PBXTargetDependency;
			name = Three20UI;
			targetProxy = 320F2C48872C2E2C4DF86202 /* PBXContainerItemProxy */;
		};
		E910FD6E1429D3FB0034AEBB /* PBXTargetDependency */ = {
			isa = PBXTargetDependency;
			target = E910FD4A1429D3FA0034AEBB /* iJobs */;
			targetProxy = E910FD6D1429D3FB0034AEBB /* PBXContainerItemProxy */;
		};
/* End PBXTargetDependency section */

/* Begin PBXVariantGroup section */
		E910FD581429D3FB0034AEBB /* InfoPlist.strings */ = {
			isa = PBXVariantGroup;
			children = (
				E910FD591429D3FB0034AEBB /* en */,
			);
			name = InfoPlist.strings;
			sourceTree = "<group>";
		};
		E910FD611429D3FB0034AEBB /* MainWindow.xib */ = {
			isa = PBXVariantGroup;
			children = (
				E910FD621429D3FB0034AEBB /* en */,
			);
			name = MainWindow.xib;
			sourceTree = "<group>";
		};
		E910FD721429D3FB0034AEBB /* InfoPlist.strings */ = {
			isa = PBXVariantGroup;
			children = (
				E910FD731429D3FB0034AEBB /* en */,
			);
			name = InfoPlist.strings;
			sourceTree = "<group>";
		};
/* End PBXVariantGroup section */

/* Begin XCBuildConfiguration section */
		E910FD7A1429D3FB0034AEBB /* Debug */ = {
			isa = XCBuildConfiguration;
			buildSettings = {
				ARCHS = "$(ARCHS_STANDARD_32_BIT)";
				"CODE_SIGN_IDENTITY[sdk=iphoneos*]" = "iPhone Developer";
				GCC_C_LANGUAGE_STANDARD = gnu99;
				GCC_OPTIMIZATION_LEVEL = 0;
				GCC_PREPROCESSOR_DEFINITIONS = DEBUG;
				GCC_SYMBOLS_PRIVATE_EXTERN = NO;
				GCC_VERSION = com.apple.compilers.llvmgcc42;
				GCC_WARN_ABOUT_RETURN_TYPE = YES;
				GCC_WARN_UNUSED_VARIABLE = YES;
				HEADER_SEARCH_PATHS = (
					"$(BUILT_PRODUCTS_DIR)/../three20",
					"$(BUILT_PRODUCTS_DIR)/../../three20",
					submodule/Three20/Build/Products/three20,
				);
				IPHONEOS_DEPLOYMENT_TARGET = 4.3;
				OTHER_LDFLAGS = "-ObjC";
				SDKROOT = iphoneos;
			};
			name = Debug;
		};
		E910FD7B1429D3FB0034AEBB /* Release */ = {
			isa = XCBuildConfiguration;
			buildSettings = {
				ARCHS = "$(ARCHS_STANDARD_32_BIT)";
				"CODE_SIGN_IDENTITY[sdk=iphoneos*]" = "iPhone Developer";
				GCC_C_LANGUAGE_STANDARD = gnu99;
				GCC_VERSION = com.apple.compilers.llvmgcc42;
				GCC_WARN_ABOUT_RETURN_TYPE = YES;
				GCC_WARN_UNUSED_VARIABLE = YES;
				HEADER_SEARCH_PATHS = (
					"$(BUILT_PRODUCTS_DIR)/../three20",
					"$(BUILT_PRODUCTS_DIR)/../../three20",
					submodule/Three20/Build/Products/three20,
				);
				IPHONEOS_DEPLOYMENT_TARGET = 4.3;
				OTHER_CFLAGS = "-DNS_BLOCK_ASSERTIONS=1";
				OTHER_LDFLAGS = "-ObjC";
				SDKROOT = iphoneos;
			};
			name = Release;
		};
		E910FD7D1429D3FB0034AEBB /* Debug */ = {
			isa = XCBuildConfiguration;
			buildSettings = {
				ALWAYS_SEARCH_USER_PATHS = NO;
				COPY_PHASE_STRIP = NO;
				GCC_DYNAMIC_NO_PIC = NO;
				GCC_PRECOMPILE_PREFIX_HEADER = YES;
				GCC_PREFIX_HEADER = "iJobs/iJobs-Prefix.pch";
				INFOPLIST_FILE = "iJobs/iJobs-Info.plist";
				PRODUCT_NAME = "$(TARGET_NAME)";
				WRAPPER_EXTENSION = app;
			};
			name = Debug;
		};
		E910FD7E1429D3FB0034AEBB /* Release */ = {
			isa = XCBuildConfiguration;
			buildSettings = {
				ALWAYS_SEARCH_USER_PATHS = NO;
				COPY_PHASE_STRIP = YES;
				GCC_PRECOMPILE_PREFIX_HEADER = YES;
				GCC_PREFIX_HEADER = "iJobs/iJobs-Prefix.pch";
				INFOPLIST_FILE = "iJobs/iJobs-Info.plist";
				PRODUCT_NAME = "$(TARGET_NAME)";
				VALIDATE_PRODUCT = YES;
				WRAPPER_EXTENSION = app;
			};
			name = Release;
		};
		E910FD801429D3FB0034AEBB /* Debug */ = {
			isa = XCBuildConfiguration;
			buildSettings = {
				ALWAYS_SEARCH_USER_PATHS = NO;
				BUNDLE_LOADER = "$(BUILT_PRODUCTS_DIR)/iJobs.app/iJobs";
				FRAMEWORK_SEARCH_PATHS = (
					"$(SDKROOT)/Developer/Library/Frameworks",
					"$(DEVELOPER_LIBRARY_DIR)/Frameworks",
				);
				GCC_PRECOMPILE_PREFIX_HEADER = YES;
				GCC_PREFIX_HEADER = "iJobsTests/iJobsTests-Prefix.pch";
				INFOPLIST_FILE = "iJobsTests/iJobsTests-Info.plist";
				OTHER_LDFLAGS = (
					"-framework",
					SenTestingKit,
				);
				PRODUCT_NAME = "$(TARGET_NAME)";
				TEST_HOST = "$(BUNDLE_LOADER)";
				WRAPPER_EXTENSION = octest;
			};
			name = Debug;
		};
		E910FD811429D3FB0034AEBB /* Release */ = {
			isa = XCBuildConfiguration;
			buildSettings = {
				ALWAYS_SEARCH_USER_PATHS = NO;
				BUNDLE_LOADER = "$(BUILT_PRODUCTS_DIR)/iJobs.app/iJobs";
				FRAMEWORK_SEARCH_PATHS = (
					"$(SDKROOT)/Developer/Library/Frameworks",
					"$(DEVELOPER_LIBRARY_DIR)/Frameworks",
				);
				GCC_PRECOMPILE_PREFIX_HEADER = YES;
				GCC_PREFIX_HEADER = "iJobsTests/iJobsTests-Prefix.pch";
				INFOPLIST_FILE = "iJobsTests/iJobsTests-Info.plist";
				OTHER_LDFLAGS = (
					"-framework",
					SenTestingKit,
				);
				PRODUCT_NAME = "$(TARGET_NAME)";
				TEST_HOST = "$(BUNDLE_LOADER)";
				WRAPPER_EXTENSION = octest;
			};
			name = Release;
		};
/* End XCBuildConfiguration section */

/* Begin XCConfigurationList section */
		E910FD451429D3FA0034AEBB /* Build configuration list for PBXProject "iJobs" */ = {
			isa = XCConfigurationList;
			buildConfigurations = (
				E910FD7A1429D3FB0034AEBB /* Debug */,
				E910FD7B1429D3FB0034AEBB /* Release */,
			);
			defaultConfigurationIsVisible = 0;
			defaultConfigurationName = Release;
		};
		E910FD7C1429D3FB0034AEBB /* Build configuration list for PBXNativeTarget "iJobs" */ = {
			isa = XCConfigurationList;
			buildConfigurations = (
				E910FD7D1429D3FB0034AEBB /* Debug */,
				E910FD7E1429D3FB0034AEBB /* Release */,
			);
			defaultConfigurationIsVisible = 0;
			defaultConfigurationName = Release;
		};
		E910FD7F1429D3FB0034AEBB /* Build configuration list for PBXNativeTarget "iJobsTests" */ = {
			isa = XCConfigurationList;
			buildConfigurations = (
				E910FD801429D3FB0034AEBB /* Debug */,
				E910FD811429D3FB0034AEBB /* Release */,
			);
			defaultConfigurationIsVisible = 0;
			defaultConfigurationName = Release;
		};
/* End XCConfigurationList section */

/* Begin XCVersionGroup section */
		E93E09A71457E19B00FEB617 /* iJobsCoreDataModel.xcdatamodeld */ = {
			isa = XCVersionGroup;
			children = (
				E93E09A81457E19B00FEB617 /* iJobsCoreDataModel.xcdatamodel */,
			);
			currentVersion = E93E09A81457E19B00FEB617 /* iJobsCoreDataModel.xcdatamodel */;
			path = iJobsCoreDataModel.xcdatamodeld;
			sourceTree = "<group>";
			versionGroupType = wrapper.xcdatamodel;
		};
/* End XCVersionGroup section */
	};
	rootObject = E910FD421429D3FA0034AEBB /* Project object */;
}
