// !$*UTF8*$!
{
	archiveVersion = 1;
	classes = {
	};
	objectVersion = 46;
	objects = {

/* Begin PBXBuildFile section */
		E910FD501429D3FA0034AEBB /* UIKit.framework in Frameworks */ = {isa = PBXBuildFile; fileRef = E910FD4F1429D3FA0034AEBB /* UIKit.framework */; };
		E910FD521429D3FA0034AEBB /* Foundation.framework in Frameworks */ = {isa = PBXBuildFile; fileRef = E910FD511429D3FA0034AEBB /* Foundation.framework */; };
		E910FD541429D3FB0034AEBB /* CoreGraphics.framework in Frameworks */ = {isa = PBXBuildFile; fileRef = E910FD531429D3FB0034AEBB /* CoreGraphics.framework */; };
		E910FD5A1429D3FB0034AEBB /* InfoPlist.strings in Resources */ = {isa = PBXBuildFile; fileRef = E910FD581429D3FB0034AEBB /* InfoPlist.strings */; };
		E910FD5D1429D3FB0034AEBB /* main.m in Sources */ = {isa = PBXBuildFile; fileRef = E910FD5C1429D3FB0034AEBB /* main.m */; };
		E910FD601429D3FB0034AEBB /* iJobsAppDelegate.m in Sources */ = {isa = PBXBuildFile; fileRef = E910FD5F1429D3FB0034AEBB /* iJobsAppDelegate.m */; };
		E910FD631429D3FB0034AEBB /* MainWindow.xib in Resources */ = {isa = PBXBuildFile; fileRef = E910FD611429D3FB0034AEBB /* MainWindow.xib */; };
		E910FD6A1429D3FB0034AEBB /* UIKit.framework in Frameworks */ = {isa = PBXBuildFile; fileRef = E910FD4F1429D3FA0034AEBB /* UIKit.framework */; };
		E910FD6B1429D3FB0034AEBB /* Foundation.framework in Frameworks */ = {isa = PBXBuildFile; fileRef = E910FD511429D3FA0034AEBB /* Foundation.framework */; };
		E910FD6C1429D3FB0034AEBB /* CoreGraphics.framework in Frameworks */ = {isa = PBXBuildFile; fileRef = E910FD531429D3FB0034AEBB /* CoreGraphics.framework */; };
		E910FD741429D3FB0034AEBB /* InfoPlist.strings in Resources */ = {isa = PBXBuildFile; fileRef = E910FD721429D3FB0034AEBB /* InfoPlist.strings */; };
		E910FD771429D3FB0034AEBB /* iJobsTests.h in Resources */ = {isa = PBXBuildFile; fileRef = E910FD761429D3FB0034AEBB /* iJobsTests.h */; };
		E910FD791429D3FB0034AEBB /* iJobsTests.m in Sources */ = {isa = PBXBuildFile; fileRef = E910FD781429D3FB0034AEBB /* iJobsTests.m */; };
/* End PBXBuildFile section */

/* Begin PBXContainerItemProxy section */
		E910FD6D1429D3FB0034AEBB /* PBXContainerItemProxy */ = {
			isa = PBXContainerItemProxy;
			containerPortal = E910FD421429D3FA0034AEBB /* Project object */;
			proxyType = 1;
			remoteGlobalIDString = E910FD4A1429D3FA0034AEBB;
			remoteInfo = iJobs;
		};
/* End PBXContainerItemProxy section */

/* Begin PBXFileReference section */
		E910FD4B1429D3FA0034AEBB /* iJobs.app */ = {isa = PBXFileReference; explicitFileType = wrapper.application; includeInIndex = 0; path = iJobs.app; sourceTree = BUILT_PRODUCTS_DIR; };
		E910FD4F1429D3FA0034AEBB /* UIKit.framework */ = {isa = PBXFileReference; lastKnownFileType = wrapper.framework; name = UIKit.framework; path = System/Library/Frameworks/UIKit.framework; sourceTree = SDKROOT; };
		E910FD511429D3FA0034AEBB /* Foundation.framework */ = {isa = PBXFileReference; lastKnownFileType = wrapper.framework; name = Foundation.framework; path = System/Library/Frameworks/Foundation.framework; sourceTree = SDKROOT; };
		E910FD531429D3FB0034AEBB /* CoreGraphics.framework */ = {isa = PBXFileReference; lastKnownFileType = wrapper.framework; name = CoreGraphics.framework; path = System/Library/Frameworks/CoreGraphics.framework; sourceTree = SDKROOT; };
		E910FD571429D3FB0034AEBB /* iJobs-Info.plist */ = {isa = PBXFileReference; path = "iJobs-Info.plist"; sourceTree = "<group>"; };
		E910FD591429D3FB0034AEBB /* en */ = {isa = PBXFileReference; lastKnownFileType = text.plist.strings; name = en; path = en.lproj/InfoPlist.strings; sourceTree = "<group>"; };
		E910FD5B1429D3FB0034AEBB /* iJobs-Prefix.pch */ = {isa = PBXFileReference; path = "iJobs-Prefix.pch"; sourceTree = "<group>"; };
		E910FD5C1429D3FB0034AEBB /* main.m */ = {isa = PBXFileReference; lastKnownFileType = sourcecode.c.objc; path = main.m; sourceTree = "<group>"; };
		E910FD5E1429D3FB0034AEBB /* iJobsAppDelegate.h */ = {isa = PBXFileReference; path = iJobsAppDelegate.h; sourceTree = "<group>"; };
		E910FD5F1429D3FB0034AEBB /* iJobsAppDelegate.m */ = {isa = PBXFileReference; lastKnownFileType = sourcecode.c.objc; path = iJobsAppDelegate.m; sourceTree = "<group>"; };
		E910FD621429D3FB0034AEBB /* en */ = {isa = PBXFileReference; lastKnownFileType = file.xib; name = en; path = en.lproj/MainWindow.xib; sourceTree = "<group>"; };
		E910FD691429D3FB0034AEBB /* iJobsTests.octest */ = {isa = PBXFileReference; explicitFileType = wrapper.cfbundle; includeInIndex = 0; path = iJobsTests.octest; sourceTree = BUILT_PRODUCTS_DIR; };
		E910FD711429D3FB0034AEBB /* iJobsTests-Info.plist */ = {isa = PBXFileReference; path = "iJobsTests-Info.plist"; sourceTree = "<group>"; };
		E910FD731429D3FB0034AEBB /* en */ = {isa = PBXFileReference; lastKnownFileType = text.plist.strings; name = en; path = en.lproj/InfoPlist.strings; sourceTree = "<group>"; };
		E910FD751429D3FB0034AEBB /* iJobsTests-Prefix.pch */ = {isa = PBXFileReference; path = "iJobsTests-Prefix.pch"; sourceTree = "<group>"; };
		E910FD761429D3FB0034AEBB /* iJobsTests.h */ = {isa = PBXFileReference; lastKnownFileType = sourcecode.c.h; path = iJobsTests.h; sourceTree = "<group>"; };
		E910FD781429D3FB0034AEBB /* iJobsTests.m */ = {isa = PBXFileReference; lastKnownFileType = sourcecode.c.objc; path = iJobsTests.m; sourceTree = "<group>"; };
/* End PBXFileReference section */

/* Begin PBXFrameworksBuildPhase section */
		E910FD481429D3FA0034AEBB /* Frameworks */ = {
			isa = PBXFrameworksBuildPhase;
			buildActionMask = 2147483647;
			files = (
				E910FD501429D3FA0034AEBB /* UIKit.framework in Frameworks */,
				E910FD521429D3FA0034AEBB /* Foundation.framework in Frameworks */,
				E910FD541429D3FB0034AEBB /* CoreGraphics.framework in Frameworks */,
			);
			runOnlyForDeploymentPostprocessing = 0;
		};
		E910FD651429D3FB0034AEBB /* Frameworks */ = {
			isa = PBXFrameworksBuildPhase;
			buildActionMask = 2147483647;
			files = (
				E910FD6A1429D3FB0034AEBB /* UIKit.framework in Frameworks */,
				E910FD6B1429D3FB0034AEBB /* Foundation.framework in Frameworks */,
				E910FD6C1429D3FB0034AEBB /* CoreGraphics.framework in Frameworks */,
			);
			runOnlyForDeploymentPostprocessing = 0;
		};
/* End PBXFrameworksBuildPhase section */

/* Begin PBXGroup section */
		E910FD401429D3FA0034AEBB = {
			isa = PBXGroup;
			children = (
				E910FD551429D3FB0034AEBB /* iJobs */,
				E910FD6F1429D3FB0034AEBB /* iJobsTests */,
				E910FD4E1429D3FA0034AEBB /* Frameworks */,
				E910FD4C1429D3FA0034AEBB /* Products */,
			);
			sourceTree = "<group>";
		};
		E910FD4C1429D3FA0034AEBB /* Products */ = {
			isa = PBXGroup;
			children = (
				E910FD4B1429D3FA0034AEBB /* iJobs.app */,
				E910FD691429D3FB0034AEBB /* iJobsTests.octest */,
			);
			name = Products;
			sourceTree = "<group>";
		};
		E910FD4E1429D3FA0034AEBB /* Frameworks */ = {
			isa = PBXGroup;
			children = (
				E910FD4F1429D3FA0034AEBB /* UIKit.framework */,
				E910FD511429D3FA0034AEBB /* Foundation.framework */,
				E910FD531429D3FB0034AEBB /* CoreGraphics.framework */,
			);
			name = Frameworks;
			sourceTree = "<group>";
		};
		E910FD551429D3FB0034AEBB /* iJobs */ = {
			isa = PBXGroup;
			children = (
				E910FD5E1429D3FB0034AEBB /* iJobsAppDelegate.h */,
				E910FD5F1429D3FB0034AEBB /* iJobsAppDelegate.m */,
				E910FD611429D3FB0034AEBB /* MainWindow.xib */,
				E910FD561429D3FB0034AEBB /* Supporting Files */,
			);
			path = iJobs;
			sourceTree = "<group>";
		};
		E910FD561429D3FB0034AEBB /* Supporting Files */ = {
			isa = PBXGroup;
			children = (
				E910FD571429D3FB0034AEBB /* iJobs-Info.plist */,
				E910FD581429D3FB0034AEBB /* InfoPlist.strings */,
				E910FD5B1429D3FB0034AEBB /* iJobs-Prefix.pch */,
				E910FD5C1429D3FB0034AEBB /* main.m */,
			);
			name = "Supporting Files";
			sourceTree = "<group>";
		};
		E910FD6F1429D3FB0034AEBB /* iJobsTests */ = {
			isa = PBXGroup;
			children = (
				E910FD761429D3FB0034AEBB /* iJobsTests.h */,
				E910FD781429D3FB0034AEBB /* iJobsTests.m */,
				E910FD701429D3FB0034AEBB /* Supporting Files */,
			);
			path = iJobsTests;
			sourceTree = "<group>";
		};
		E910FD701429D3FB0034AEBB /* Supporting Files */ = {
			isa = PBXGroup;
			children = (
				E910FD711429D3FB0034AEBB /* iJobsTests-Info.plist */,
				E910FD721429D3FB0034AEBB /* InfoPlist.strings */,
				E910FD751429D3FB0034AEBB /* iJobsTests-Prefix.pch */,
			);
			name = "Supporting Files";
			sourceTree = "<group>";
		};
/* End PBXGroup section */

/* Begin PBXNativeTarget section */
		E910FD4A1429D3FA0034AEBB /* iJobs */ = {
			isa = PBXNativeTarget;
			buildConfigurationList = E910FD7C1429D3FB0034AEBB /* Build configuration list for PBXNativeTarget "iJobs" */;
			buildPhases = (
				E910FD471429D3FA0034AEBB /* Sources */,
				E910FD481429D3FA0034AEBB /* Frameworks */,
				E910FD491429D3FA0034AEBB /* Resources */,
			);
			buildRules = (
			);
			dependencies = (
			);
			name = iJobs;
			productName = iJobs;
			productReference = E910FD4B1429D3FA0034AEBB /* iJobs.app */;
			productType = "com.apple.product-type.application";
		};
		E910FD681429D3FB0034AEBB /* iJobsTests */ = {
			isa = PBXNativeTarget;
			buildConfigurationList = E910FD7F1429D3FB0034AEBB /* Build configuration list for PBXNativeTarget "iJobsTests" */;
			buildPhases = (
				E910FD641429D3FB0034AEBB /* Sources */,
				E910FD651429D3FB0034AEBB /* Frameworks */,
				E910FD661429D3FB0034AEBB /* Resources */,
				E910FD671429D3FB0034AEBB /* ShellScript */,
			);
			buildRules = (
			);
			dependencies = (
				E910FD6E1429D3FB0034AEBB /* PBXTargetDependency */,
			);
			name = iJobsTests;
			productName = iJobsTests;
			productReference = E910FD691429D3FB0034AEBB /* iJobsTests.octest */;
			productType = "com.apple.product-type.bundle";
		};
/* End PBXNativeTarget section */

/* Begin PBXProject section */
		E910FD421429D3FA0034AEBB /* Project object */ = {
			isa = PBXProject;
			attributes = {
				ORGANIZATIONNAME = NCCUCS;
			};
			buildConfigurationList = E910FD451429D3FA0034AEBB /* Build configuration list for PBXProject "iJobs" */;
			compatibilityVersion = "Xcode 3.2";
			developmentRegion = English;
			hasScannedForEncodings = 0;
			knownRegions = (
				en,
			);
			mainGroup = E910FD401429D3FA0034AEBB;
			productRefGroup = E910FD4C1429D3FA0034AEBB /* Products */;
			projectDirPath = "";
			projectRoot = "";
			targets = (
				E910FD4A1429D3FA0034AEBB /* iJobs */,
				E910FD681429D3FB0034AEBB /* iJobsTests */,
			);
		};
/* End PBXProject section */

/* Begin PBXResourcesBuildPhase section */
		E910FD491429D3FA0034AEBB /* Resources */ = {
			isa = PBXResourcesBuildPhase;
			buildActionMask = 2147483647;
			files = (
				E910FD5A1429D3FB0034AEBB /* InfoPlist.strings in Resources */,
				E910FD631429D3FB0034AEBB /* MainWindow.xib in Resources */,
			);
			runOnlyForDeploymentPostprocessing = 0;
		};
		E910FD661429D3FB0034AEBB /* Resources */ = {
			isa = PBXResourcesBuildPhase;
			buildActionMask = 2147483647;
			files = (
				E910FD741429D3FB0034AEBB /* InfoPlist.strings in Resources */,
				E910FD771429D3FB0034AEBB /* iJobsTests.h in Resources */,
			);
			runOnlyForDeploymentPostprocessing = 0;
		};
/* End PBXResourcesBuildPhase section */

/* Begin PBXShellScriptBuildPhase section */
		E910FD671429D3FB0034AEBB /* ShellScript */ = {
			isa = PBXShellScriptBuildPhase;
			buildActionMask = 2147483647;
			files = (
			);
			inputPaths = (
			);
			outputPaths = (
			);
			runOnlyForDeploymentPostprocessing = 0;
			shellPath = /bin/sh;
			shellScript = "# Run the unit tests in this test bundle.\n\"${SYSTEM_DEVELOPER_DIR}/Tools/RunUnitTests\"\n";
		};
/* End PBXShellScriptBuildPhase section */

/* Begin PBXSourcesBuildPhase section */
		E910FD471429D3FA0034AEBB /* Sources */ = {
			isa = PBXSourcesBuildPhase;
			buildActionMask = 2147483647;
			files = (
				E910FD5D1429D3FB0034AEBB /* main.m in Sources */,
				E910FD601429D3FB0034AEBB /* iJobsAppDelegate.m in Sources */,
			);
			runOnlyForDeploymentPostprocessing = 0;
		};
		E910FD641429D3FB0034AEBB /* Sources */ = {
			isa = PBXSourcesBuildPhase;
			buildActionMask = 2147483647;
			files = (
				E910FD791429D3FB0034AEBB /* iJobsTests.m in Sources */,
			);
			runOnlyForDeploymentPostprocessing = 0;
		};
/* End PBXSourcesBuildPhase section */

/* Begin PBXTargetDependency section */
		E910FD6E1429D3FB0034AEBB /* PBXTargetDependency */ = {
			isa = PBXTargetDependency;
			target = E910FD4A1429D3FA0034AEBB /* iJobs */;
			targetProxy = E910FD6D1429D3FB0034AEBB /* PBXContainerItemProxy */;
		};
/* End PBXTargetDependency section */

/* Begin PBXVariantGroup section */
		E910FD581429D3FB0034AEBB /* InfoPlist.strings */ = {
			isa = PBXVariantGroup;
			children = (
				E910FD591429D3FB0034AEBB /* en */,
			);
			name = InfoPlist.strings;
			sourceTree = "<group>";
		};
		E910FD611429D3FB0034AEBB /* MainWindow.xib */ = {
			isa = PBXVariantGroup;
			children = (
				E910FD621429D3FB0034AEBB /* en */,
			);
			name = MainWindow.xib;
			sourceTree = "<group>";
		};
		E910FD721429D3FB0034AEBB /* InfoPlist.strings */ = {
			isa = PBXVariantGroup;
			children = (
				E910FD731429D3FB0034AEBB /* en */,
			);
			name = InfoPlist.strings;
			sourceTree = "<group>";
		};
/* End PBXVariantGroup section */

/* Begin XCBuildConfiguration section */
		E910FD7A1429D3FB0034AEBB /* Debug */ = {
			isa = XCBuildConfiguration;
			buildSettings = {
				ARCHS = "$(ARCHS_STANDARD_32_BIT)";
				"CODE_SIGN_IDENTITY[sdk=iphoneos*]" = "iPhone Developer";
				GCC_C_LANGUAGE_STANDARD = gnu99;
				GCC_OPTIMIZATION_LEVEL = 0;
				GCC_PREPROCESSOR_DEFINITIONS = DEBUG;
				GCC_SYMBOLS_PRIVATE_EXTERN = NO;
				GCC_VERSION = com.apple.compilers.llvmgcc42;
				GCC_WARN_ABOUT_RETURN_TYPE = YES;
				GCC_WARN_UNUSED_VARIABLE = YES;
				IPHONEOS_DEPLOYMENT_TARGET = 4.3;
				SDKROOT = iphoneos;
			};
			name = Debug;
		};
		E910FD7B1429D3FB0034AEBB /* Release */ = {
			isa = XCBuildConfiguration;
			buildSettings = {
				ARCHS = "$(ARCHS_STANDARD_32_BIT)";
				"CODE_SIGN_IDENTITY[sdk=iphoneos*]" = "iPhone Developer";
				GCC_C_LANGUAGE_STANDARD = gnu99;
				GCC_VERSION = com.apple.compilers.llvmgcc42;
				GCC_WARN_ABOUT_RETURN_TYPE = YES;
				GCC_WARN_UNUSED_VARIABLE = YES;
				IPHONEOS_DEPLOYMENT_TARGET = 4.3;
				OTHER_CFLAGS = "-DNS_BLOCK_ASSERTIONS=1";
				SDKROOT = iphoneos;
			};
			name = Release;
		};
		E910FD7D1429D3FB0034AEBB /* Debug */ = {
			isa = XCBuildConfiguration;
			buildSettings = {
				ALWAYS_SEARCH_USER_PATHS = NO;
				COPY_PHASE_STRIP = NO;
				GCC_DYNAMIC_NO_PIC = NO;
				GCC_PRECOMPILE_PREFIX_HEADER = YES;
				GCC_PREFIX_HEADER = "iJobs/iJobs-Prefix.pch";
				INFOPLIST_FILE = "iJobs/iJobs-Info.plist";
				PRODUCT_NAME = "$(TARGET_NAME)";
				WRAPPER_EXTENSION = app;
			};
			name = Debug;
		};
		E910FD7E1429D3FB0034AEBB /* Release */ = {
			isa = XCBuildConfiguration;
			buildSettings = {
				ALWAYS_SEARCH_USER_PATHS = NO;
				COPY_PHASE_STRIP = YES;
				GCC_PRECOMPILE_PREFIX_HEADER = YES;
				GCC_PREFIX_HEADER = "iJobs/iJobs-Prefix.pch";
				INFOPLIST_FILE = "iJobs/iJobs-Info.plist";
				PRODUCT_NAME = "$(TARGET_NAME)";
				VALIDATE_PRODUCT = YES;
				WRAPPER_EXTENSION = app;
			};
			name = Release;
		};
		E910FD801429D3FB0034AEBB /* Debug */ = {
			isa = XCBuildConfiguration;
			buildSettings = {
				ALWAYS_SEARCH_USER_PATHS = NO;
				BUNDLE_LOADER = "$(BUILT_PRODUCTS_DIR)/iJobs.app/iJobs";
				FRAMEWORK_SEARCH_PATHS = (
					"$(SDKROOT)/Developer/Library/Frameworks",
					"$(DEVELOPER_LIBRARY_DIR)/Frameworks",
				);
				GCC_PRECOMPILE_PREFIX_HEADER = YES;
				GCC_PREFIX_HEADER = "iJobsTests/iJobsTests-Prefix.pch";
				INFOPLIST_FILE = "iJobsTests/iJobsTests-Info.plist";
				OTHER_LDFLAGS = (
					"-framework",
					SenTestingKit,
				);
				PRODUCT_NAME = "$(TARGET_NAME)";
				TEST_HOST = "$(BUNDLE_LOADER)";
				WRAPPER_EXTENSION = octest;
			};
			name = Debug;
		};
		E910FD811429D3FB0034AEBB /* Release */ = {
			isa = XCBuildConfiguration;
			buildSettings = {
				ALWAYS_SEARCH_USER_PATHS = NO;
				BUNDLE_LOADER = "$(BUILT_PRODUCTS_DIR)/iJobs.app/iJobs";
				FRAMEWORK_SEARCH_PATHS = (
					"$(SDKROOT)/Developer/Library/Frameworks",
					"$(DEVELOPER_LIBRARY_DIR)/Frameworks",
				);
				GCC_PRECOMPILE_PREFIX_HEADER = YES;
				GCC_PREFIX_HEADER = "iJobsTests/iJobsTests-Prefix.pch";
				INFOPLIST_FILE = "iJobsTests/iJobsTests-Info.plist";
				OTHER_LDFLAGS = (
					"-framework",
					SenTestingKit,
				);
				PRODUCT_NAME = "$(TARGET_NAME)";
				TEST_HOST = "$(BUNDLE_LOADER)";
				WRAPPER_EXTENSION = octest;
			};
			name = Release;
		};
/* End XCBuildConfiguration section */

/* Begin XCConfigurationList section */
		E910FD451429D3FA0034AEBB /* Build configuration list for PBXProject "iJobs" */ = {
			isa = XCConfigurationList;
			buildConfigurations = (
				E910FD7A1429D3FB0034AEBB /* Debug */,
				E910FD7B1429D3FB0034AEBB /* Release */,
			);
			defaultConfigurationIsVisible = 0;
			defaultConfigurationName = Release;
		};
		E910FD7C1429D3FB0034AEBB /* Build configuration list for PBXNativeTarget "iJobs" */ = {
			isa = XCConfigurationList;
			buildConfigurations = (
				E910FD7D1429D3FB0034AEBB /* Debug */,
				E910FD7E1429D3FB0034AEBB /* Release */,
			);
			defaultConfigurationIsVisible = 0;
		};
		E910FD7F1429D3FB0034AEBB /* Build configuration list for PBXNativeTarget "iJobsTests" */ = {
			isa = XCConfigurationList;
			buildConfigurations = (
				E910FD801429D3FB0034AEBB /* Debug */,
				E910FD811429D3FB0034AEBB /* Release */,
			);
			defaultConfigurationIsVisible = 0;
		};
/* End XCConfigurationList section */
	};
	rootObject = E910FD421429D3FA0034AEBB /* Project object */;
}
